
Microsoft Visual Studio Solution File, Format Version 12.00
# Visual Studio Version 17
VisualStudioVersion = 17.9.34607.119
MinimumVisualStudioVersion = 10.0.40219.1
Project("{FAE04EC0-301F-11D3-BF4B-00C04F79EFBC}") = "4.unite uygulama 24_1", "4.unite uygulama 24_1\4.unite uygulama 24_1.csproj", "{5C10AE1B-EA0C-4D23-95F7-2C30A735472F}"
EndProject
Global
	GlobalSection(SolutionConfigurationPlatforms) = preSolution
		Debug|Any CPU = Debug|Any CPU
		Release|Any CPU = Release|Any CPU
	EndGlobalSection
	GlobalSection(ProjectConfigurationPlatforms) = postSolution
		{5C10AE1B-EA0C-4D23-95F7-2C30A735472F}.Debug|Any CPU.ActiveCfg = Debug|Any CPU
		{5C10AE1B-EA0C-4D23-95F7-2C30A735472F}.Debug|Any CPU.Build.0 = Debug|Any CPU
		{5C10AE1B-EA0C-4D23-95F7-2C30A735472F}.Release|Any CPU.ActiveCfg = Release|Any CPU
		{5C10AE1B-EA0C-4D23-95F7-2C30A735472F}.Release|Any CPU.Build.0 = Release|Any CPU
	EndGlobalSection
	GlobalSection(SolutionProperties) = preSolution
		HideSolutionNode = FALSE
	EndGlobalSection
	GlobalSection(ExtensibilityGlobals) = postSolution
		SolutionGuid = {D1B6393B-4950-42D5-846C-F634A8241875}
	EndGlobalSection
EndGlobal
